
Microsoft Visual Studio Solution File, Format Version 12.00
# Visual Studio Version 17
VisualStudioVersion = 17.3.32825.248
MinimumVisualStudioVersion = 10.0.40219.1
Project("{FAE04EC0-301F-11D3-BF4B-00C04F79EFBC}") = "WinFormsApp2", "WinFormsApp2\WinFormsApp2.csproj", "{259B4337-070C-4A03-98BD-B2B200E76880}"
EndProject
Global
	GlobalSection(SolutionConfigurationPlatforms) = preSolution
		Debug|Any CPU = Debug|Any CPU
		Release|Any CPU = Release|Any CPU
	EndGlobalSection
	GlobalSection(ProjectConfigurationPlatforms) = postSolution
		{259B4337-070C-4A03-98BD-B2B200E76880}.Debug|Any CPU.ActiveCfg = Debug|Any CPU
		{259B4337-070C-4A03-98BD-B2B200E76880}.Debug|Any CPU.Build.0 = Debug|Any CPU
		{259B4337-070C-4A03-98BD-B2B200E76880}.Release|Any CPU.ActiveCfg = Release|Any CPU
		{259B4337-070C-4A03-98BD-B2B200E76880}.Release|Any CPU.Build.0 = Release|Any CPU
	EndGlobalSection
	GlobalSection(SolutionProperties) = preSolution
		HideSolutionNode = FALSE
	EndGlobalSection
	GlobalSection(ExtensibilityGlobals) = postSolution
		SolutionGuid = {BDF94532-1655-4E55-BD09-1A48CC418738}
	EndGlobalSection
EndGlobal
